
Microsoft Visual Studio Solution File, Format Version 12.00
# Visual Studio 2012
Project("{FAE04EC0-301F-11D3-BF4B-00C04F79EFBC}") = "tdiff", "tdiff\tdiff.csproj", "{5B74DA0D-DF1F-4631-8986-6FD881D590AD}"
EndProject
Global
	GlobalSection(SolutionConfigurationPlatforms) = preSolution
		Debug|Any CPU = Debug|Any CPU
		Release|Any CPU = Release|Any CPU
	EndGlobalSection
	GlobalSection(ProjectConfigurationPlatforms) = postSolution
		{5B74DA0D-DF1F-4631-8986-6FD881D590AD}.Debug|Any CPU.ActiveCfg = Debug|Any CPU
		{5B74DA0D-DF1F-4631-8986-6FD881D590AD}.Debug|Any CPU.Build.0 = Debug|Any CPU
		{5B74DA0D-DF1F-4631-8986-6FD881D590AD}.Release|Any CPU.ActiveCfg = Release|Any CPU
		{5B74DA0D-DF1F-4631-8986-6FD881D590AD}.Release|Any CPU.Build.0 = Release|Any CPU
	EndGlobalSection
	GlobalSection(SolutionProperties) = preSolution
		HideSolutionNode = FALSE
	EndGlobalSection
EndGlobal
